// !$*UTF8*$!
{
	archiveVersion = 1;
	classes = {
	};
	objectVersion = 50;
	objects = {

/* Begin PBXBuildFile section */
		F82800962726440100034EFD /* AppDelegate.swift in Sources */ = {isa = PBXBuildFile; fileRef = F82800952726440100034EFD /* AppDelegate.swift */; };
		F82800982726440100034EFD /* SceneDelegate.swift in Sources */ = {isa = PBXBuildFile; fileRef = F82800972726440100034EFD /* SceneDelegate.swift */; };
		F828009A2726440100034EFD /* ResultsViewController.swift in Sources */ = {isa = PBXBuildFile; fileRef = F82800992726440100034EFD /* ResultsViewController.swift */; };
		F828009D2726440100034EFD /* Main.storyboard in Resources */ = {isa = PBXBuildFile; fileRef = F828009B2726440100034EFD /* Main.storyboard */; };
		F82800A22726440300034EFD /* LaunchScreen.storyboard in Resources */ = {isa = PBXBuildFile; fileRef = F82800A02726440300034EFD /* LaunchScreen.storyboard */; };
		F8A1F8222726C8E000AD0FAF /* DetailsViewController.swift in Sources */ = {isa = PBXBuildFile; fileRef = F8A1F8212726C8E000AD0FAF /* DetailsViewController.swift */; };
		F8A1F8242726CDA700AD0FAF /* AnimationController.swift in Sources */ = {isa = PBXBuildFile; fileRef = F8A1F8232726CDA700AD0FAF /* AnimationController.swift */; };
		F8A1F8262726CDB700AD0FAF /* AnimationImageView.swift in Sources */ = {isa = PBXBuildFile; fileRef = F8A1F8252726CDB700AD0FAF /* AnimationImageView.swift */; };
		F8A1F8282726CF0000AD0FAF /* UIBezierPath+Extend.swift in Sources */ = {isa = PBXBuildFile; fileRef = F8A1F8272726CF0000AD0FAF /* UIBezierPath+Extend.swift */; };
		F8A1F82A2726D80800AD0FAF /* Assets.xcassets in Resources */ = {isa = PBXBuildFile; fileRef = F8A1F8292726D80800AD0FAF /* Assets.xcassets */; };
/* End PBXBuildFile section */

/* Begin PBXFileReference section */
		F82800922726440100034EFD /* CustomTransitionPPTProj.app */ = {isa = PBXFileReference; explicitFileType = wrapper.application; includeInIndex = 0; path = CustomTransitionPPTProj.app; sourceTree = BUILT_PRODUCTS_DIR; };
		F82800952726440100034EFD /* AppDelegate.swift */ = {isa = PBXFileReference; lastKnownFileType = sourcecode.swift; path = AppDelegate.swift; sourceTree = "<group>"; };
		F82800972726440100034EFD /* SceneDelegate.swift */ = {isa = PBXFileReference; lastKnownFileType = sourcecode.swift; path = SceneDelegate.swift; sourceTree = "<group>"; };
		F82800992726440100034EFD /* ResultsViewController.swift */ = {isa = PBXFileReference; lastKnownFileType = sourcecode.swift; path = ResultsViewController.swift; sourceTree = "<group>"; };
		F828009C2726440100034EFD /* Base */ = {isa = PBXFileReference; lastKnownFileType = file.storyboard; name = Base; path = Base.lproj/Main.storyboard; sourceTree = "<group>"; };
		F82800A12726440300034EFD /* Base */ = {isa = PBXFileReference; lastKnownFileType = file.storyboard; name = Base; path = Base.lproj/LaunchScreen.storyboard; sourceTree = "<group>"; };
		F82800A32726440300034EFD /* Info.plist */ = {isa = PBXFileReference; lastKnownFileType = text.plist.xml; path = Info.plist; sourceTree = "<group>"; };
		F8A1F8212726C8E000AD0FAF /* DetailsViewController.swift */ = {isa = PBXFileReference; lastKnownFileType = sourcecode.swift; path = DetailsViewController.swift; sourceTree = "<group>"; };
		F8A1F8232726CDA700AD0FAF /* AnimationController.swift */ = {isa = PBXFileReference; lastKnownFileType = sourcecode.swift; path = AnimationController.swift; sourceTree = "<group>"; };
		F8A1F8252726CDB700AD0FAF /* AnimationImageView.swift */ = {isa = PBXFileReference; lastKnownFileType = sourcecode.swift; path = AnimationImageView.swift; sourceTree = "<group>"; };
		F8A1F8272726CF0000AD0FAF /* UIBezierPath+Extend.swift */ = {isa = PBXFileReference; lastKnownFileType = sourcecode.swift; path = "UIBezierPath+Extend.swift"; sourceTree = "<group>"; };
		F8A1F8292726D80800AD0FAF /* Assets.xcassets */ = {isa = PBXFileReference; lastKnownFileType = folder.assetcatalog; path = Assets.xcassets; sourceTree = "<group>"; };
/* End PBXFileReference section */

/* Begin PBXFrameworksBuildPhase section */
		F828008F2726440100034EFD /* Frameworks */ = {
			isa = PBXFrameworksBuildPhase;
			buildActionMask = 2147483647;
			files = (
			);
			runOnlyForDeploymentPostprocessing = 0;
		};
/* End PBXFrameworksBuildPhase section */

/* Begin PBXGroup section */
		F82800892726440100034EFD = {
			isa = PBXGroup;
			children = (
				F82800942726440100034EFD /* CustomTransitionPPTProj */,
				F82800932726440100034EFD /* Products */,
			);
			sourceTree = "<group>";
		};
		F82800932726440100034EFD /* Products */ = {
			isa = PBXGroup;
			children = (
				F82800922726440100034EFD /* CustomTransitionPPTProj.app */,
			);
			name = Products;
			sourceTree = "<group>";
		};
		F82800942726440100034EFD /* CustomTransitionPPTProj */ = {
			isa = PBXGroup;
			children = (
				F82800952726440100034EFD /* AppDelegate.swift */,
				F82800972726440100034EFD /* SceneDelegate.swift */,
				F82800992726440100034EFD /* ResultsViewController.swift */,
				F8A1F8212726C8E000AD0FAF /* DetailsViewController.swift */,
				F8A1F8232726CDA700AD0FAF /* AnimationController.swift */,
				F8A1F8252726CDB700AD0FAF /* AnimationImageView.swift */,
				F8A1F8272726CF0000AD0FAF /* UIBezierPath+Extend.swift */,
				F828009B2726440100034EFD /* Main.storyboard */,
				F8A1F8292726D80800AD0FAF /* Assets.xcassets */,
				F82800A02726440300034EFD /* LaunchScreen.storyboard */,
				F82800A32726440300034EFD /* Info.plist */,
			);
			path = CustomTransitionPPTProj;
			sourceTree = "<group>";
		};
/* End PBXGroup section */

/* Begin PBXNativeTarget section */
		F82800912726440100034EFD /* CustomTransitionPPTProj */ = {
			isa = PBXNativeTarget;
			buildConfigurationList = F82800A62726440300034EFD /* Build configuration list for PBXNativeTarget "CustomTransitionPPTProj" */;
			buildPhases = (
				F828008E2726440100034EFD /* Sources */,
				F828008F2726440100034EFD /* Frameworks */,
				F82800902726440100034EFD /* Resources */,
			);
			buildRules = (
			);
			dependencies = (
			);
			name = CustomTransitionPPTProj;
			productName = CustomTransitionPPTProj;
			productReference = F82800922726440100034EFD /* CustomTransitionPPTProj.app */;
			productType = "com.apple.product-type.application";
		};
/* End PBXNativeTarget section */

/* Begin PBXProject section */
		F828008A2726440100034EFD /* Project object */ = {
			isa = PBXProject;
			attributes = {
				LastSwiftUpdateCheck = 1250;
				LastUpgradeCheck = 1250;
				TargetAttributes = {
					F82800912726440100034EFD = {
						CreatedOnToolsVersion = 12.5.1;
					};
				};
			};
			buildConfigurationList = F828008D2726440100034EFD /* Build configuration list for PBXProject "CustomTransitionPPTProj" */;
			compatibilityVersion = "Xcode 9.3";
			developmentRegion = en;
			hasScannedForEncodings = 0;
			knownRegions = (
				en,
				Base,
			);
			mainGroup = F82800892726440100034EFD;
			productRefGroup = F82800932726440100034EFD /* Products */;
			projectDirPath = "";
			projectRoot = "";
			targets = (
				F82800912726440100034EFD /* CustomTransitionPPTProj */,
			);
		};
/* End PBXProject section */

/* Begin PBXResourcesBuildPhase section */
		F82800902726440100034EFD /* Resources */ = {
			isa = PBXResourcesBuildPhase;
			buildActionMask = 2147483647;
			files = (
				F82800A22726440300034EFD /* LaunchScreen.storyboard in Resources */,
				F8A1F82A2726D80800AD0FAF /* Assets.xcassets in Resources */,
				F828009D2726440100034EFD /* Main.storyboard in Resources */,
			);
			runOnlyForDeploymentPostprocessing = 0;
		};
/* End PBXResourcesBuildPhase section */

/* Begin PBXSourcesBuildPhase section */
		F828008E2726440100034EFD /* Sources */ = {
			isa = PBXSourcesBuildPhase;
			buildActionMask = 2147483647;
			files = (
				F828009A2726440100034EFD /* ResultsViewController.swift in Sources */,
				F82800962726440100034EFD /* AppDelegate.swift in Sources */,
				F82800982726440100034EFD /* SceneDelegate.swift in Sources */,
				F8A1F8262726CDB700AD0FAF /* AnimationImageView.swift in Sources */,
				F8A1F8222726C8E000AD0FAF /* DetailsViewController.swift in Sources */,
				F8A1F8242726CDA700AD0FAF /* AnimationController.swift in Sources */,
				F8A1F8282726CF0000AD0FAF /* UIBezierPath+Extend.swift in Sources */,
			);
			runOnlyForDeploymentPostprocessing = 0;
		};
/* End PBXSourcesBuildPhase section */

/* Begin PBXVariantGroup section */
		F828009B2726440100034EFD /* Main.storyboard */ = {
			isa = PBXVariantGroup;
			children = (
				F828009C2726440100034EFD /* Base */,
			);
			name = Main.storyboard;
			sourceTree = "<group>";
		};
		F82800A02726440300034EFD /* LaunchScreen.storyboard */ = {
			isa = PBXVariantGroup;
			children = (
				F82800A12726440300034EFD /* Base */,
			);
			name = LaunchScreen.storyboard;
			sourceTree = "<group>";
		};
/* End PBXVariantGroup section */

/* Begin XCBuildConfiguration section */
		F82800A42726440300034EFD /* Debug */ = {
			isa = XCBuildConfiguration;
			buildSettings = {
				ALWAYS_SEARCH_USER_PATHS = NO;
				CLANG_ANALYZER_NONNULL = YES;
				CLANG_ANALYZER_NUMBER_OBJECT_CONVERSION = YES_AGGRESSIVE;
				CLANG_CXX_LANGUAGE_STANDARD = "gnu++14";
				CLANG_CXX_LIBRARY = "libc++";
				CLANG_ENABLE_MODULES = YES;
				CLANG_ENABLE_OBJC_ARC = YES;
				CLANG_ENABLE_OBJC_WEAK = YES;
				CLANG_WARN_BLOCK_CAPTURE_AUTORELEASING = YES;
				CLANG_WARN_BOOL_CONVERSION = YES;
				CLANG_WARN_COMMA = YES;
				CLANG_WARN_CONSTANT_CONVERSION = YES;
				CLANG_WARN_DEPRECATED_OBJC_IMPLEMENTATIONS = YES;
				CLANG_WARN_DIRECT_OBJC_ISA_USAGE = YES_ERROR;
				CLANG_WARN_DOCUMENTATION_COMMENTS = YES;
				CLANG_WARN_EMPTY_BODY = YES;
				CLANG_WARN_ENUM_CONVERSION = YES;
				CLANG_WARN_INFINITE_RECURSION = YES;
				CLANG_WARN_INT_CONVERSION = YES;
				CLANG_WARN_NON_LITERAL_NULL_CONVERSION = YES;
				CLANG_WARN_OBJC_IMPLICIT_RETAIN_SELF = YES;
				CLANG_WARN_OBJC_LITERAL_CONVERSION = YES;
				CLANG_WARN_OBJC_ROOT_CLASS = YES_ERROR;
				CLANG_WARN_QUOTED_INCLUDE_IN_FRAMEWORK_HEADER = YES;
				CLANG_WARN_RANGE_LOOP_ANALYSIS = YES;
				CLANG_WARN_STRICT_PROTOTYPES = YES;
				CLANG_WARN_SUSPICIOUS_MOVE = YES;
				CLANG_WARN_UNGUARDED_AVAILABILITY = YES_AGGRESSIVE;
				CLANG_WARN_UNREACHABLE_CODE = YES;
				CLANG_WARN__DUPLICATE_METHOD_MATCH = YES;
				COPY_PHASE_STRIP = NO;
				DEBUG_INFORMATION_FORMAT = dwarf;
				ENABLE_STRICT_OBJC_MSGSEND = YES;
				ENABLE_TESTABILITY = YES;
				GCC_C_LANGUAGE_STANDARD = gnu11;
				GCC_DYNAMIC_NO_PIC = NO;
				GCC_NO_COMMON_BLOCKS = YES;
				GCC_OPTIMIZATION_LEVEL = 0;
				GCC_PREPROCESSOR_DEFINITIONS = (
					"DEBUG=1",
					"$(inherited)",
				);
				GCC_WARN_64_TO_32_BIT_CONVERSION = YES;
				GCC_WARN_ABOUT_RETURN_TYPE = YES_ERROR;
				GCC_WARN_UNDECLARED_SELECTOR = YES;
				GCC_WARN_UNINITIALIZED_AUTOS = YES_AGGRESSIVE;
				GCC_WARN_UNUSED_FUNCTION = YES;
				GCC_WARN_UNUSED_VARIABLE = YES;
				IPHONEOS_DEPLOYMENT_TARGET = 14.5;
				MTL_ENABLE_DEBUG_INFO = INCLUDE_SOURCE;
				MTL_FAST_MATH = YES;
				ONLY_ACTIVE_ARCH = YES;
				SDKROOT = iphoneos;
				SWIFT_ACTIVE_COMPILATION_CONDITIONS = DEBUG;
				SWIFT_OPTIMIZATION_LEVEL = "-Onone";
			};
			name = Debug;
		};
		F82800A52726440300034EFD /* Release */ = {
			isa = XCBuildConfiguration;
			buildSettings = {
				ALWAYS_SEARCH_USER_PATHS = NO;
				CLANG_ANALYZER_NONNULL = YES;
				CLANG_ANALYZER_NUMBER_OBJECT_CONVERSION = YES_AGGRESSIVE;
				CLANG_CXX_LANGUAGE_STANDARD = "gnu++14";
				CLANG_CXX_LIBRARY = "libc++";
				CLANG_ENABLE_MODULES = YES;
				CLANG_ENABLE_OBJC_ARC = YES;
				CLANG_ENABLE_OBJC_WEAK = YES;
				CLANG_WARN_BLOCK_CAPTURE_AUTORELEASING = YES;
				CLANG_WARN_BOOL_CONVERSION = YES;
				CLANG_WARN_COMMA = YES;
				CLANG_WARN_CONSTANT_CONVERSION = YES;
				CLANG_WARN_DEPRECATED_OBJC_IMPLEMENTATIONS = YES;
				CLANG_WARN_DIRECT_OBJC_ISA_USAGE = YES_ERROR;
				CLANG_WARN_DOCUMENTATION_COMMENTS = YES;
				CLANG_WARN_EMPTY_BODY = YES;
				CLANG_WARN_ENUM_CONVERSION = YES;
				CLANG_WARN_INFINITE_RECURSION = YES;
				CLANG_WARN_INT_CONVERSION = YES;
				CLANG_WARN_NON_LITERAL_NULL_CONVERSION = YES;
				CLANG_WARN_OBJC_IMPLICIT_RETAIN_SELF = YES;
				CLANG_WARN_OBJC_LITERAL_CONVERSION = YES;
				CLANG_WARN_OBJC_ROOT_CLASS = YES_ERROR;
				CLANG_WARN_QUOTED_INCLUDE_IN_FRAMEWORK_HEADER = YES;
				CLANG_WARN_RANGE_LOOP_ANALYSIS = YES;
				CLANG_WARN_STRICT_PROTOTYPES = YES;
				CLANG_WARN_SUSPICIOUS_MOVE = YES;
				CLANG_WARN_UNGUARDED_AVAILABILITY = YES_AGGRESSIVE;
				CLANG_WARN_UNREACHABLE_CODE = YES;
				CLANG_WARN__DUPLICATE_METHOD_MATCH = YES;
				COPY_PHASE_STRIP = NO;
				DEBUG_INFORMATION_FORMAT = "dwarf-with-dsym";
				ENABLE_NS_ASSERTIONS = NO;
				ENABLE_STRICT_OBJC_MSGSEND = YES;
				GCC_C_LANGUAGE_STANDARD = gnu11;
				GCC_NO_COMMON_BLOCKS = YES;
				GCC_WARN_64_TO_32_BIT_CONVERSION = YES;
				GCC_WARN_ABOUT_RETURN_TYPE = YES_ERROR;
				GCC_WARN_UNDECLARED_SELECTOR = YES;
				GCC_WARN_UNINITIALIZED_AUTOS = YES_AGGRESSIVE;
				GCC_WARN_UNUSED_FUNCTION = YES;
				GCC_WARN_UNUSED_VARIABLE = YES;
				IPHONEOS_DEPLOYMENT_TARGET = 14.5;
				MTL_ENABLE_DEBUG_INFO = NO;
				MTL_FAST_MATH = YES;
				SDKROOT = iphoneos;
				SWIFT_COMPILATION_MODE = wholemodule;
				SWIFT_OPTIMIZATION_LEVEL = "-O";
				VALIDATE_PRODUCT = YES;
			};
			name = Release;
		};
		F82800A72726440300034EFD /* Debug */ = {
			isa = XCBuildConfiguration;
			buildSettings = {
				ASSETCATALOG_COMPILER_APPICON_NAME = AppIcon;
				ASSETCATALOG_COMPILER_GLOBAL_ACCENT_COLOR_NAME = AccentColor;
				CODE_SIGN_STYLE = Automatic;
				INFOPLIST_FILE = CustomTransitionPPTProj/Info.plist;
				LD_RUNPATH_SEARCH_PATHS = (
					"$(inherited)",
					"@executable_path/Frameworks",
				);
				PRODUCT_BUNDLE_IDENTIFIER = com.meghaj.www.CustomTransitionPPTProj;
				PRODUCT_NAME = "$(TARGET_NAME)";
				SWIFT_VERSION = 5.0;
				TARGETED_DEVICE_FAMILY = "1,2";
			};
			name = Debug;
		};
		F82800A82726440300034EFD /* Release */ = {
			isa = XCBuildConfiguration;
			buildSettings = {
				ASSETCATALOG_COMPILER_APPICON_NAME = AppIcon;
				ASSETCATALOG_COMPILER_GLOBAL_ACCENT_COLOR_NAME = AccentColor;
				CODE_SIGN_STYLE = Automatic;
				INFOPLIST_FILE = CustomTransitionPPTProj/Info.plist;
				LD_RUNPATH_SEARCH_PATHS = (
					"$(inherited)",
					"@executable_path/Frameworks",
				);
				PRODUCT_BUNDLE_IDENTIFIER = com.meghaj.www.CustomTransitionPPTProj;
				PRODUCT_NAME = "$(TARGET_NAME)";
				SWIFT_VERSION = 5.0;
				TARGETED_DEVICE_FAMILY = "1,2";
			};
			name = Release;
		};
/* End XCBuildConfiguration section */

/* Begin XCConfigurationList section */
		F828008D2726440100034EFD /* Build configuration list for PBXProject "CustomTransitionPPTProj" */ = {
			isa = XCConfigurationList;
			buildConfigurations = (
				F82800A42726440300034EFD /* Debug */,
				F82800A52726440300034EFD /* Release */,
			);
			defaultConfigurationIsVisible = 0;
			defaultConfigurationName = Release;
		};
		F82800A62726440300034EFD /* Build configuration list for PBXNativeTarget "CustomTransitionPPTProj" */ = {
			isa = XCConfigurationList;
			buildConfigurations = (
				F82800A72726440300034EFD /* Debug */,
				F82800A82726440300034EFD /* Release */,
			);
			defaultConfigurationIsVisible = 0;
			defaultConfigurationName = Release;
		};
/* End XCConfigurationList section */
	};
	rootObject = F828008A2726440100034EFD /* Project object */;
}
